schema: '2.0'
stages:
  vlaidate:
    cmd: python src/data/validate.py
    deps:
    - path: data/raw/cancer_risk.csv
      hash: md5
      md5: 60bffaffd740ab428074bb2049582c05
      size: 141851
    - path: src/data/validate.py
      hash: md5
      md5: 6d25e36dcc062b8bffeabb00d5c8af58
      size: 3380
  validate:
    cmd: python src/data/validate.py
    deps:
    - path: data/raw/cancer_risk.csv
      hash: md5
      md5: 60bffaffd740ab428074bb2049582c05
      size: 141851
    - path: src/data/validate.py
      hash: md5
      md5: 6d25e36dcc062b8bffeabb00d5c8af58
      size: 3380
  preprocess:
    cmd: python src/features/preprocess.py
    deps:
    - path: data/split/test.csv
      hash: md5
      md5: 5e685ae3e63dc81d5b11301655ff21ce
      size: 28609
    - path: data/split/train.csv
      hash: md5
      md5: 530ddad62d43b9ddab8b4c8892625ab0
      size: 113531
    - path: src/features/preprocess.py
      hash: md5
      md5: 4b6a2f5035d2479e4738551737d35ba1
      size: 2571
    outs:
    - path: data/processed/preprocessor.joblib
      hash: md5
      md5: 82962f4e4f3d321d77e47cbf23d93389
      size: 3755
    - path: data/processed/test_processed.csv
      hash: md5
      md5: 79f8e6dc36fa9cf1eed5a444f0a74721
      size: 144933
    - path: data/processed/train_processed.csv
      hash: md5
      md5: 033878b31e09196713c3c8ac2c17c350
      size: 578126
  split:
    cmd: python src/data/split.py
    deps:
    - path: data/raw/cancer_risk.csv
      hash: md5
      md5: 60bffaffd740ab428074bb2049582c05
      size: 141851
    - path: src/data/split.py
      hash: md5
      md5: 06d19be205cb7313438711bea7d714bf
      size: 973
    outs:
    - path: data/split/test.csv
      hash: md5
      md5: 5e685ae3e63dc81d5b11301655ff21ce
      size: 28609
    - path: data/split/train.csv
      hash: md5
      md5: 530ddad62d43b9ddab8b4c8892625ab0
      size: 113531
  train:
    cmd: python -m src.models.train
    deps:
    - path: data/processed/test_processed.csv
      hash: md5
      md5: 79f8e6dc36fa9cf1eed5a444f0a74721
      size: 144933
    - path: data/processed/train_processed.csv
      hash: md5
      md5: 033878b31e09196713c3c8ac2c17c350
      size: 578126
    - path: src/models/evaluate.py
      hash: md5
      md5: df81ffe0103ecad5af8e4a47024c6d37
      size: 2888
    - path: src/models/train.py
      hash: md5
      md5: 1ea885772b09d8e6e25c9dd0b527c047
      size: 4967
    outs:
    - path: models
      hash: md5
      md5: 3ee63af3b6d6dac55cfca830c6d7871e.dir
      size: 14598303
      nfiles: 3
    - path: reports/metrics.json
      hash: md5
      md5: a7f268f1640f4b3755dd341cd4b2e56f
      size: 700
  tune:
    cmd: python -m src.models.tune
    deps:
    - path: data/processed/test_processed.csv
      hash: md5
      md5: 79f8e6dc36fa9cf1eed5a444f0a74721
      size: 144933
    - path: data/processed/train_processed.csv
      hash: md5
      md5: 033878b31e09196713c3c8ac2c17c350
      size: 578126
    - path: src/models/evaluate.py
      hash: md5
      md5: df81ffe0103ecad5af8e4a47024c6d37
      size: 2888
    - path: src/models/tune.py
      hash: md5
      md5: e8275b91e9ed722c0d9a7c34585d4575
      size: 8399
    outs:
    - path: reports/tuning_results.json
      hash: md5
      md5: 0622fd2351d3d168ba6919f587ef0b9a
      size: 1585
